// !$*UTF8*$!
{
	archiveVersion = 1;
	classes = {
	};
	objectVersion = 55;
	objects = {

/* Begin PBXBuildFile section */
		550E23BB27ECB0EF00AB2EC9 /* NetworkManager.swift in Sources */ = {isa = PBXBuildFile; fileRef = 550E23BA27ECB0EF00AB2EC9 /* NetworkManager.swift */; };
		5525943B27F4BF76002ABCF1 /* NewsDataServiceTest.swift in Sources */ = {isa = PBXBuildFile; fileRef = 5525943A27F4BF76002ABCF1 /* NewsDataServiceTest.swift */; };
		5525943F27F4C237002ABCF1 /* MockNetworkManager.swift in Sources */ = {isa = PBXBuildFile; fileRef = 5525943E27F4C237002ABCF1 /* MockNetworkManager.swift */; };
		552EAD9327F97AB6005BCC4C /* NewsCellTest.swift in Sources */ = {isa = PBXBuildFile; fileRef = 552EAD9227F97AB6005BCC4C /* NewsCellTest.swift */; };
		552EAD9527F983CD005BCC4C /* UIDevice+Jailbroken.swift in Sources */ = {isa = PBXBuildFile; fileRef = 552EAD9427F983CD005BCC4C /* UIDevice+Jailbroken.swift */; };
		5555CA9A27ED9E6400C7C540 /* NewsCellViewModel.swift in Sources */ = {isa = PBXBuildFile; fileRef = 5555CA9927ED9E6400C7C540 /* NewsCellViewModel.swift */; };
		55687B6F27EDBB7E008FF044 /* Alert.swift in Sources */ = {isa = PBXBuildFile; fileRef = 55687B6E27EDBB7E008FF044 /* Alert.swift */; };
		55687B7127EDBD99008FF044 /* NetworkMonitor.swift in Sources */ = {isa = PBXBuildFile; fileRef = 55687B7027EDBD99008FF044 /* NetworkMonitor.swift */; };
		55823B8E27F56A5400C9D7CF /* NewsViewControllerTest.swift in Sources */ = {isa = PBXBuildFile; fileRef = 55823B8D27F56A5400C9D7CF /* NewsViewControllerTest.swift */; };
		55823B9027F56CBC00C9D7CF /* NewsDetailViewControllerTest.swift in Sources */ = {isa = PBXBuildFile; fileRef = 55823B8F27F56CBC00C9D7CF /* NewsDetailViewControllerTest.swift */; };
		55823B9327F5937000C9D7CF /* StubGenerator.swift in Sources */ = {isa = PBXBuildFile; fileRef = 55823B9227F5937000C9D7CF /* StubGenerator.swift */; };
		5585765627F167C10071E4DE /* Constants.swift in Sources */ = {isa = PBXBuildFile; fileRef = 5585765527F167C10071E4DE /* Constants.swift */; };
		5585D5F127F19354004BE904 /* NewsDetailViewModel.swift in Sources */ = {isa = PBXBuildFile; fileRef = 5585D5F027F19354004BE904 /* NewsDetailViewModel.swift */; };
		5585D5F327F19372004BE904 /* NewsDetailViewController.swift in Sources */ = {isa = PBXBuildFile; fileRef = 5585D5F227F19372004BE904 /* NewsDetailViewController.swift */; };
		5585D5F627F1B99D004BE904 /* SDWebImage in Frameworks */ = {isa = PBXBuildFile; productRef = 5585D5F527F1B99D004BE904 /* SDWebImage */; };
		5585D5FE27F32C95004BE904 /* APIError.swift in Sources */ = {isa = PBXBuildFile; fileRef = 5585D5FD27F32C95004BE904 /* APIError.swift */; };
		5585D60027F32CD6004BE904 /* NewDetailViewModelTest.swift in Sources */ = {isa = PBXBuildFile; fileRef = 5585D5FF27F32CD6004BE904 /* NewDetailViewModelTest.swift */; };
		5585D60327F34E2E004BE904 /* BaseViewController.swift in Sources */ = {isa = PBXBuildFile; fileRef = 5585D60227F34E2E004BE904 /* BaseViewController.swift */; };
		55C3A7B227EF55C000F98A46 /* NewsViewModelTest.swift in Sources */ = {isa = PBXBuildFile; fileRef = 55C3A7B127EF55C000F98A46 /* NewsViewModelTest.swift */; };
		55C3A7BA27EF7CE700F98A46 /* NewsData.json in Resources */ = {isa = PBXBuildFile; fileRef = 55C3A7B827EF7CE700F98A46 /* NewsData.json */; };
		55C3A7BB27EF7CE700F98A46 /* NewsMockDataService.swift in Sources */ = {isa = PBXBuildFile; fileRef = 55C3A7B927EF7CE700F98A46 /* NewsMockDataService.swift */; };
		55F36A4527EC56D30027BDAF /* AppDelegate.swift in Sources */ = {isa = PBXBuildFile; fileRef = 55F36A4427EC56D30027BDAF /* AppDelegate.swift */; };
		55F36A4727EC56D30027BDAF /* SceneDelegate.swift in Sources */ = {isa = PBXBuildFile; fileRef = 55F36A4627EC56D30027BDAF /* SceneDelegate.swift */; };
		55F36A4C27EC56D30027BDAF /* Main.storyboard in Resources */ = {isa = PBXBuildFile; fileRef = 55F36A4A27EC56D30027BDAF /* Main.storyboard */; };
		55F36A4E27EC56D40027BDAF /* Assets.xcassets in Resources */ = {isa = PBXBuildFile; fileRef = 55F36A4D27EC56D40027BDAF /* Assets.xcassets */; };
		55F36A5127EC56D40027BDAF /* LaunchScreen.storyboard in Resources */ = {isa = PBXBuildFile; fileRef = 55F36A4F27EC56D40027BDAF /* LaunchScreen.storyboard */; };
		55F36A7C27EC73970027BDAF /* News.swift in Sources */ = {isa = PBXBuildFile; fileRef = 55F36A7B27EC73970027BDAF /* News.swift */; };
		55F36A7E27EC73B50027BDAF /* NewsViewController.swift in Sources */ = {isa = PBXBuildFile; fileRef = 55F36A7D27EC73B50027BDAF /* NewsViewController.swift */; };
		55F36A8027EC73ED0027BDAF /* NewsViewModel.swift in Sources */ = {isa = PBXBuildFile; fileRef = 55F36A7F27EC73ED0027BDAF /* NewsViewModel.swift */; };
		55F36A8427EC78560027BDAF /* NewsCell.swift in Sources */ = {isa = PBXBuildFile; fileRef = 55F36A8327EC78560027BDAF /* NewsCell.swift */; };
		55F36A8627EC78FB0027BDAF /* NewsCell.xib in Resources */ = {isa = PBXBuildFile; fileRef = 55F36A8527EC78FB0027BDAF /* NewsCell.xib */; };
		55F36A8827EC7E8F0027BDAF /* NewsDataService.swift in Sources */ = {isa = PBXBuildFile; fileRef = 55F36A8727EC7E8F0027BDAF /* NewsDataService.swift */; };
/* End PBXBuildFile section */

/* Begin PBXContainerItemProxy section */
		55F36A5827EC56D50027BDAF /* PBXContainerItemProxy */ = {
			isa = PBXContainerItemProxy;
			containerPortal = 55F36A3927EC56D30027BDAF /* Project object */;
			proxyType = 1;
			remoteGlobalIDString = 55F36A4027EC56D30027BDAF;
			remoteInfo = TechTestApplication;
		};
/* End PBXContainerItemProxy section */

/* Begin PBXFileReference section */
		550E23BA27ECB0EF00AB2EC9 /* NetworkManager.swift */ = {isa = PBXFileReference; lastKnownFileType = sourcecode.swift; path = NetworkManager.swift; sourceTree = "<group>"; };
		5525943A27F4BF76002ABCF1 /* NewsDataServiceTest.swift */ = {isa = PBXFileReference; lastKnownFileType = sourcecode.swift; path = NewsDataServiceTest.swift; sourceTree = "<group>"; };
		5525943E27F4C237002ABCF1 /* MockNetworkManager.swift */ = {isa = PBXFileReference; lastKnownFileType = sourcecode.swift; path = MockNetworkManager.swift; sourceTree = "<group>"; };
		552EAD9227F97AB6005BCC4C /* NewsCellTest.swift */ = {isa = PBXFileReference; lastKnownFileType = sourcecode.swift; path = NewsCellTest.swift; sourceTree = "<group>"; };
		552EAD9427F983CD005BCC4C /* UIDevice+Jailbroken.swift */ = {isa = PBXFileReference; lastKnownFileType = sourcecode.swift; path = "UIDevice+Jailbroken.swift"; sourceTree = "<group>"; };
		5555CA9927ED9E6400C7C540 /* NewsCellViewModel.swift */ = {isa = PBXFileReference; lastKnownFileType = sourcecode.swift; path = NewsCellViewModel.swift; sourceTree = "<group>"; };
		55687B6E27EDBB7E008FF044 /* Alert.swift */ = {isa = PBXFileReference; lastKnownFileType = sourcecode.swift; path = Alert.swift; sourceTree = "<group>"; };
		55687B7027EDBD99008FF044 /* NetworkMonitor.swift */ = {isa = PBXFileReference; lastKnownFileType = sourcecode.swift; path = NetworkMonitor.swift; sourceTree = "<group>"; };
		55823B8D27F56A5400C9D7CF /* NewsViewControllerTest.swift */ = {isa = PBXFileReference; lastKnownFileType = sourcecode.swift; path = NewsViewControllerTest.swift; sourceTree = "<group>"; };
		55823B8F27F56CBC00C9D7CF /* NewsDetailViewControllerTest.swift */ = {isa = PBXFileReference; lastKnownFileType = sourcecode.swift; path = NewsDetailViewControllerTest.swift; sourceTree = "<group>"; };
		55823B9227F5937000C9D7CF /* StubGenerator.swift */ = {isa = PBXFileReference; lastKnownFileType = sourcecode.swift; path = StubGenerator.swift; sourceTree = "<group>"; };
		5585765527F167C10071E4DE /* Constants.swift */ = {isa = PBXFileReference; lastKnownFileType = sourcecode.swift; path = Constants.swift; sourceTree = "<group>"; };
		5585D5F027F19354004BE904 /* NewsDetailViewModel.swift */ = {isa = PBXFileReference; lastKnownFileType = sourcecode.swift; path = NewsDetailViewModel.swift; sourceTree = "<group>"; };
		5585D5F227F19372004BE904 /* NewsDetailViewController.swift */ = {isa = PBXFileReference; lastKnownFileType = sourcecode.swift; path = NewsDetailViewController.swift; sourceTree = "<group>"; };
		5585D5FD27F32C95004BE904 /* APIError.swift */ = {isa = PBXFileReference; lastKnownFileType = sourcecode.swift; path = APIError.swift; sourceTree = "<group>"; };
		5585D5FF27F32CD6004BE904 /* NewDetailViewModelTest.swift */ = {isa = PBXFileReference; lastKnownFileType = sourcecode.swift; path = NewDetailViewModelTest.swift; sourceTree = "<group>"; };
		5585D60227F34E2E004BE904 /* BaseViewController.swift */ = {isa = PBXFileReference; lastKnownFileType = sourcecode.swift; path = BaseViewController.swift; sourceTree = "<group>"; };
		55C3A7B127EF55C000F98A46 /* NewsViewModelTest.swift */ = {isa = PBXFileReference; lastKnownFileType = sourcecode.swift; path = NewsViewModelTest.swift; sourceTree = "<group>"; };
		55C3A7B827EF7CE700F98A46 /* NewsData.json */ = {isa = PBXFileReference; fileEncoding = 4; lastKnownFileType = text.json; path = NewsData.json; sourceTree = "<group>"; };
		55C3A7B927EF7CE700F98A46 /* NewsMockDataService.swift */ = {isa = PBXFileReference; fileEncoding = 4; lastKnownFileType = sourcecode.swift; path = NewsMockDataService.swift; sourceTree = "<group>"; };
		55F36A4127EC56D30027BDAF /* TechTestApplication.app */ = {isa = PBXFileReference; explicitFileType = wrapper.application; includeInIndex = 0; path = TechTestApplication.app; sourceTree = BUILT_PRODUCTS_DIR; };
		55F36A4427EC56D30027BDAF /* AppDelegate.swift */ = {isa = PBXFileReference; lastKnownFileType = sourcecode.swift; path = AppDelegate.swift; sourceTree = "<group>"; };
		55F36A4627EC56D30027BDAF /* SceneDelegate.swift */ = {isa = PBXFileReference; lastKnownFileType = sourcecode.swift; path = SceneDelegate.swift; sourceTree = "<group>"; };
		55F36A4B27EC56D30027BDAF /* Base */ = {isa = PBXFileReference; lastKnownFileType = file.storyboard; name = Base; path = Base.lproj/Main.storyboard; sourceTree = "<group>"; };
		55F36A4D27EC56D40027BDAF /* Assets.xcassets */ = {isa = PBXFileReference; lastKnownFileType = folder.assetcatalog; path = Assets.xcassets; sourceTree = "<group>"; };
		55F36A5027EC56D40027BDAF /* Base */ = {isa = PBXFileReference; lastKnownFileType = file.storyboard; name = Base; path = Base.lproj/LaunchScreen.storyboard; sourceTree = "<group>"; };
		55F36A5227EC56D40027BDAF /* Info.plist */ = {isa = PBXFileReference; lastKnownFileType = text.plist.xml; path = Info.plist; sourceTree = "<group>"; };
		55F36A5727EC56D50027BDAF /* TechTestApplicationTests.xctest */ = {isa = PBXFileReference; explicitFileType = wrapper.cfbundle; includeInIndex = 0; path = TechTestApplicationTests.xctest; sourceTree = BUILT_PRODUCTS_DIR; };
		55F36A7B27EC73970027BDAF /* News.swift */ = {isa = PBXFileReference; lastKnownFileType = sourcecode.swift; path = News.swift; sourceTree = "<group>"; };
		55F36A7D27EC73B50027BDAF /* NewsViewController.swift */ = {isa = PBXFileReference; lastKnownFileType = sourcecode.swift; path = NewsViewController.swift; sourceTree = "<group>"; };
		55F36A7F27EC73ED0027BDAF /* NewsViewModel.swift */ = {isa = PBXFileReference; lastKnownFileType = sourcecode.swift; path = NewsViewModel.swift; sourceTree = "<group>"; };
		55F36A8327EC78560027BDAF /* NewsCell.swift */ = {isa = PBXFileReference; lastKnownFileType = sourcecode.swift; path = NewsCell.swift; sourceTree = "<group>"; };
		55F36A8527EC78FB0027BDAF /* NewsCell.xib */ = {isa = PBXFileReference; lastKnownFileType = file.xib; path = NewsCell.xib; sourceTree = "<group>"; };
		55F36A8727EC7E8F0027BDAF /* NewsDataService.swift */ = {isa = PBXFileReference; lastKnownFileType = sourcecode.swift; path = NewsDataService.swift; sourceTree = "<group>"; };
/* End PBXFileReference section */

/* Begin PBXFrameworksBuildPhase section */
		55F36A3E27EC56D30027BDAF /* Frameworks */ = {
			isa = PBXFrameworksBuildPhase;
			buildActionMask = 2147483647;
			files = (
				5585D5F627F1B99D004BE904 /* SDWebImage in Frameworks */,
			);
			runOnlyForDeploymentPostprocessing = 0;
		};
		55F36A5427EC56D50027BDAF /* Frameworks */ = {
			isa = PBXFrameworksBuildPhase;
			buildActionMask = 2147483647;
			files = (
			);
			runOnlyForDeploymentPostprocessing = 0;
		};
/* End PBXFrameworksBuildPhase section */

/* Begin PBXGroup section */
		5525943C27F4C208002ABCF1 /* Mocks */ = {
			isa = PBXGroup;
			children = (
				55823B9127F5935D00C9D7CF /* Stubs */,
				5525943D27F4C215002ABCF1 /* MockNetworkManager */,
				55C3A7B727EF7CE700F98A46 /* NewsMockDataService */,
			);
			path = Mocks;
			sourceTree = "<group>";
		};
		5525943D27F4C215002ABCF1 /* MockNetworkManager */ = {
			isa = PBXGroup;
			children = (
				5525943E27F4C237002ABCF1 /* MockNetworkManager.swift */,
			);
			path = MockNetworkManager;
			sourceTree = "<group>";
		};
		55687B6D27EDBB66008FF044 /* Extensions */ = {
			isa = PBXGroup;
			children = (
				55687B6E27EDBB7E008FF044 /* Alert.swift */,
				552EAD9427F983CD005BCC4C /* UIDevice+Jailbroken.swift */,
			);
			path = Extensions;
			sourceTree = "<group>";
		};
		557B37A527F2BE2D001CBEBC /* WebService */ = {
			isa = PBXGroup;
			children = (
				55F36A8727EC7E8F0027BDAF /* NewsDataService.swift */,
			);
			path = WebService;
			sourceTree = "<group>";
		};
		55823B9127F5935D00C9D7CF /* Stubs */ = {
			isa = PBXGroup;
			children = (
				55823B9227F5937000C9D7CF /* StubGenerator.swift */,
			);
			path = Stubs;
			sourceTree = "<group>";
		};
		5585D5EC27F192C2004BE904 /* NewsDetail */ = {
			isa = PBXGroup;
			children = (
				5585D5EF27F192F8004BE904 /* ViewModel */,
				5585D5ED27F192CB004BE904 /* View */,
			);
			path = NewsDetail;
			sourceTree = "<group>";
		};
		5585D5ED27F192CB004BE904 /* View */ = {
			isa = PBXGroup;
			children = (
				5585D5F227F19372004BE904 /* NewsDetailViewController.swift */,
			);
			path = View;
			sourceTree = "<group>";
		};
		5585D5EF27F192F8004BE904 /* ViewModel */ = {
			isa = PBXGroup;
			children = (
				5585D5F027F19354004BE904 /* NewsDetailViewModel.swift */,
			);
			path = ViewModel;
			sourceTree = "<group>";
		};
		5585D5F727F2FBAE004BE904 /* Utils */ = {
			isa = PBXGroup;
			children = (
				5585D60127F34E17004BE904 /* BaseViewController */,
				5585D5F927F2FC05004BE904 /* NetworkMonitor */,
				5585D5F827F2FBD3004BE904 /* AppConstants */,
				55687B6D27EDBB66008FF044 /* Extensions */,
			);
			path = Utils;
			sourceTree = "<group>";
		};
		5585D5F827F2FBD3004BE904 /* AppConstants */ = {
			isa = PBXGroup;
			children = (
				5585765527F167C10071E4DE /* Constants.swift */,
			);
			path = AppConstants;
			sourceTree = "<group>";
		};
		5585D5F927F2FC05004BE904 /* NetworkMonitor */ = {
			isa = PBXGroup;
			children = (
				55687B7027EDBD99008FF044 /* NetworkMonitor.swift */,
			);
			path = NetworkMonitor;
			sourceTree = "<group>";
		};
		5585D5FA27F2FCAB004BE904 /* Resources */ = {
			isa = PBXGroup;
			children = (
				55C3A7B827EF7CE700F98A46 /* NewsData.json */,
			);
			path = Resources;
			sourceTree = "<group>";
		};
		5585D5FB27F2FD59004BE904 /* AppDelegates */ = {
			isa = PBXGroup;
			children = (
				55F36A4427EC56D30027BDAF /* AppDelegate.swift */,
				55F36A4627EC56D30027BDAF /* SceneDelegate.swift */,
			);
			path = AppDelegates;
			sourceTree = "<group>";
		};
		5585D5FC27F2FDB8004BE904 /* NewsTableViewCell */ = {
			isa = PBXGroup;
			children = (
				55F36A8327EC78560027BDAF /* NewsCell.swift */,
				55F36A8527EC78FB0027BDAF /* NewsCell.xib */,
			);
			path = NewsTableViewCell;
			sourceTree = "<group>";
		};
		5585D60127F34E17004BE904 /* BaseViewController */ = {
			isa = PBXGroup;
			children = (
				5585D60227F34E2E004BE904 /* BaseViewController.swift */,
			);
			path = BaseViewController;
			sourceTree = "<group>";
		};
		55C3A7B727EF7CE700F98A46 /* NewsMockDataService */ = {
			isa = PBXGroup;
			children = (
				55C3A7B927EF7CE700F98A46 /* NewsMockDataService.swift */,
			);
			path = NewsMockDataService;
			sourceTree = "<group>";
		};
		55F36A3827EC56D30027BDAF = {
			isa = PBXGroup;
			children = (
				55F36A4327EC56D30027BDAF /* TechTestApplication */,
				55F36A5A27EC56D50027BDAF /* TechTestApplicationTests */,
				55F36A4227EC56D30027BDAF /* Products */,
			);
			sourceTree = "<group>";
		};
		55F36A4227EC56D30027BDAF /* Products */ = {
			isa = PBXGroup;
			children = (
				55F36A4127EC56D30027BDAF /* TechTestApplication.app */,
				55F36A5727EC56D50027BDAF /* TechTestApplicationTests.xctest */,
			);
			name = Products;
			sourceTree = "<group>";
		};
		55F36A4327EC56D30027BDAF /* TechTestApplication */ = {
			isa = PBXGroup;
			children = (
				5585D5FB27F2FD59004BE904 /* AppDelegates */,
				55F36A7527EC71A60027BDAF /* Screens */,
				5585D5F727F2FBAE004BE904 /* Utils */,
				55F36A7427EC718C0027BDAF /* NetworkLayer */,
				5525943C27F4C208002ABCF1 /* Mocks */,
				5585D5FA27F2FCAB004BE904 /* Resources */,
				55F36A4A27EC56D30027BDAF /* Main.storyboard */,
				55F36A4D27EC56D40027BDAF /* Assets.xcassets */,
				55F36A4F27EC56D40027BDAF /* LaunchScreen.storyboard */,
				55F36A5227EC56D40027BDAF /* Info.plist */,
			);
			path = TechTestApplication;
			sourceTree = "<group>";
		};
		55F36A5A27EC56D50027BDAF /* TechTestApplicationTests */ = {
			isa = PBXGroup;
			children = (
				55C3A7B127EF55C000F98A46 /* NewsViewModelTest.swift */,
				5585D5FF27F32CD6004BE904 /* NewDetailViewModelTest.swift */,
				5525943A27F4BF76002ABCF1 /* NewsDataServiceTest.swift */,
				55823B8D27F56A5400C9D7CF /* NewsViewControllerTest.swift */,
				55823B8F27F56CBC00C9D7CF /* NewsDetailViewControllerTest.swift */,
				552EAD9227F97AB6005BCC4C /* NewsCellTest.swift */,
			);
			path = TechTestApplicationTests;
			sourceTree = "<group>";
		};
		55F36A7427EC718C0027BDAF /* NetworkLayer */ = {
			isa = PBXGroup;
			children = (
				550E23BA27ECB0EF00AB2EC9 /* NetworkManager.swift */,
				5585D5FD27F32C95004BE904 /* APIError.swift */,
			);
			path = NetworkLayer;
			sourceTree = "<group>";
		};
		55F36A7527EC71A60027BDAF /* Screens */ = {
			isa = PBXGroup;
			children = (
				5585D5EC27F192C2004BE904 /* NewsDetail */,
				55F36A7727EC71E50027BDAF /* News */,
			);
			path = Screens;
			sourceTree = "<group>";
		};
		55F36A7727EC71E50027BDAF /* News */ = {
			isa = PBXGroup;
			children = (
				55F36A7A27EC724E0027BDAF /* ViewModel */,
				55F36A7927EC72460027BDAF /* Views */,
				55F36A7827EC723A0027BDAF /* Model */,
			);
			path = News;
			sourceTree = "<group>";
		};
		55F36A7827EC723A0027BDAF /* Model */ = {
			isa = PBXGroup;
			children = (
				557B37A527F2BE2D001CBEBC /* WebService */,
				55F36A7B27EC73970027BDAF /* News.swift */,
			);
			path = Model;
			sourceTree = "<group>";
		};
		55F36A7927EC72460027BDAF /* Views */ = {
			isa = PBXGroup;
			children = (
				5585D5FC27F2FDB8004BE904 /* NewsTableViewCell */,
				55F36A7D27EC73B50027BDAF /* NewsViewController.swift */,
			);
			path = Views;
			sourceTree = "<group>";
		};
		55F36A7A27EC724E0027BDAF /* ViewModel */ = {
			isa = PBXGroup;
			children = (
				55F36A7F27EC73ED0027BDAF /* NewsViewModel.swift */,
				5555CA9927ED9E6400C7C540 /* NewsCellViewModel.swift */,
			);
			path = ViewModel;
			sourceTree = "<group>";
		};
/* End PBXGroup section */

/* Begin PBXNativeTarget section */
		55F36A4027EC56D30027BDAF /* TechTestApplication */ = {
			isa = PBXNativeTarget;
			buildConfigurationList = 55F36A6B27EC56D50027BDAF /* Build configuration list for PBXNativeTarget "TechTestApplication" */;
			buildPhases = (
				55F36A3D27EC56D30027BDAF /* Sources */,
				55F36A3E27EC56D30027BDAF /* Frameworks */,
				55F36A3F27EC56D30027BDAF /* Resources */,
				5525944027F4CEAE002ABCF1 /* ShellScript */,
			);
			buildRules = (
			);
			dependencies = (
			);
			name = TechTestApplication;
			packageProductDependencies = (
				5585D5F527F1B99D004BE904 /* SDWebImage */,
			);
			productName = TechTestApplication;
			productReference = 55F36A4127EC56D30027BDAF /* TechTestApplication.app */;
			productType = "com.apple.product-type.application";
		};
		55F36A5627EC56D50027BDAF /* TechTestApplicationTests */ = {
			isa = PBXNativeTarget;
			buildConfigurationList = 55F36A6E27EC56D50027BDAF /* Build configuration list for PBXNativeTarget "TechTestApplicationTests" */;
			buildPhases = (
				55F36A5327EC56D50027BDAF /* Sources */,
				55F36A5427EC56D50027BDAF /* Frameworks */,
				55F36A5527EC56D50027BDAF /* Resources */,
			);
			buildRules = (
			);
			dependencies = (
				55F36A5927EC56D50027BDAF /* PBXTargetDependency */,
			);
			name = TechTestApplicationTests;
			productName = TechTestApplicationTests;
			productReference = 55F36A5727EC56D50027BDAF /* TechTestApplicationTests.xctest */;
			productType = "com.apple.product-type.bundle.unit-test";
		};
/* End PBXNativeTarget section */

/* Begin PBXProject section */
		55F36A3927EC56D30027BDAF /* Project object */ = {
			isa = PBXProject;
			attributes = {
				BuildIndependentTargetsInParallel = 1;
				LastSwiftUpdateCheck = 1330;
				LastUpgradeCheck = 1330;
				TargetAttributes = {
					55F36A4027EC56D30027BDAF = {
						CreatedOnToolsVersion = 13.3;
					};
					55F36A5627EC56D50027BDAF = {
						CreatedOnToolsVersion = 13.3;
						TestTargetID = 55F36A4027EC56D30027BDAF;
					};
				};
			};
			buildConfigurationList = 55F36A3C27EC56D30027BDAF /* Build configuration list for PBXProject "TechTestApplication" */;
			compatibilityVersion = "Xcode 13.0";
			developmentRegion = en;
			hasScannedForEncodings = 0;
			knownRegions = (
				en,
				Base,
			);
			mainGroup = 55F36A3827EC56D30027BDAF;
			packageReferences = (
				5585D5F427F1B99D004BE904 /* XCRemoteSwiftPackageReference "SDWebImage" */,
			);
			productRefGroup = 55F36A4227EC56D30027BDAF /* Products */;
			projectDirPath = "";
			projectRoot = "";
			targets = (
				55F36A4027EC56D30027BDAF /* TechTestApplication */,
				55F36A5627EC56D50027BDAF /* TechTestApplicationTests */,
			);
		};
/* End PBXProject section */

/* Begin PBXResourcesBuildPhase section */
		55F36A3F27EC56D30027BDAF /* Resources */ = {
			isa = PBXResourcesBuildPhase;
			buildActionMask = 2147483647;
			files = (
				55C3A7BA27EF7CE700F98A46 /* NewsData.json in Resources */,
				55F36A5127EC56D40027BDAF /* LaunchScreen.storyboard in Resources */,
				55F36A4E27EC56D40027BDAF /* Assets.xcassets in Resources */,
				55F36A8627EC78FB0027BDAF /* NewsCell.xib in Resources */,
				55F36A4C27EC56D30027BDAF /* Main.storyboard in Resources */,
			);
			runOnlyForDeploymentPostprocessing = 0;
		};
		55F36A5527EC56D50027BDAF /* Resources */ = {
			isa = PBXResourcesBuildPhase;
			buildActionMask = 2147483647;
			files = (
			);
			runOnlyForDeploymentPostprocessing = 0;
		};
/* End PBXResourcesBuildPhase section */

/* Begin PBXShellScriptBuildPhase section */
		5525944027F4CEAE002ABCF1 /* ShellScript */ = {
			isa = PBXShellScriptBuildPhase;
			buildActionMask = 2147483647;
			files = (
			);
			inputFileListPaths = (
			);
			inputPaths = (
			);
			outputFileListPaths = (
			);
			outputPaths = (
			);
			runOnlyForDeploymentPostprocessing = 0;
			shellPath = /bin/sh;
			shellScript = "if which swiftlint >/dev/null; then\n  swiftlint\nelse\n  echo \"warning: SwiftLint not installed, download from https://github.com/realm/SwiftLint\"\nfi\n";
		};
/* End PBXShellScriptBuildPhase section */

/* Begin PBXSourcesBuildPhase section */
		55F36A3D27EC56D30027BDAF /* Sources */ = {
			isa = PBXSourcesBuildPhase;
			buildActionMask = 2147483647;
			files = (
				55C3A7BB27EF7CE700F98A46 /* NewsMockDataService.swift in Sources */,
				5585D5FE27F32C95004BE904 /* APIError.swift in Sources */,
				552EAD9527F983CD005BCC4C /* UIDevice+Jailbroken.swift in Sources */,
				550E23BB27ECB0EF00AB2EC9 /* NetworkManager.swift in Sources */,
				55687B7127EDBD99008FF044 /* NetworkMonitor.swift in Sources */,
				55F36A8827EC7E8F0027BDAF /* NewsDataService.swift in Sources */,
				55F36A8027EC73ED0027BDAF /* NewsViewModel.swift in Sources */,
				55F36A4527EC56D30027BDAF /* AppDelegate.swift in Sources */,
				55823B9327F5937000C9D7CF /* StubGenerator.swift in Sources */,
				5585D60327F34E2E004BE904 /* BaseViewController.swift in Sources */,
				55F36A8427EC78560027BDAF /* NewsCell.swift in Sources */,
				5585D5F327F19372004BE904 /* NewsDetailViewController.swift in Sources */,
				5585765627F167C10071E4DE /* Constants.swift in Sources */,
				55F36A7C27EC73970027BDAF /* News.swift in Sources */,
				5525943F27F4C237002ABCF1 /* MockNetworkManager.swift in Sources */,
				55F36A7E27EC73B50027BDAF /* NewsViewController.swift in Sources */,
				55687B6F27EDBB7E008FF044 /* Alert.swift in Sources */,
				5585D5F127F19354004BE904 /* NewsDetailViewModel.swift in Sources */,
				55F36A4727EC56D30027BDAF /* SceneDelegate.swift in Sources */,
				5555CA9A27ED9E6400C7C540 /* NewsCellViewModel.swift in Sources */,
			);
			runOnlyForDeploymentPostprocessing = 0;
		};
		55F36A5327EC56D50027BDAF /* Sources */ = {
			isa = PBXSourcesBuildPhase;
			buildActionMask = 2147483647;
			files = (
				55C3A7B227EF55C000F98A46 /* NewsViewModelTest.swift in Sources */,
				5585D60027F32CD6004BE904 /* NewDetailViewModelTest.swift in Sources */,
				5525943B27F4BF76002ABCF1 /* NewsDataServiceTest.swift in Sources */,
				55823B9027F56CBC00C9D7CF /* NewsDetailViewControllerTest.swift in Sources */,
				552EAD9327F97AB6005BCC4C /* NewsCellTest.swift in Sources */,
				55823B8E27F56A5400C9D7CF /* NewsViewControllerTest.swift in Sources */,
			);
			runOnlyForDeploymentPostprocessing = 0;
		};
/* End PBXSourcesBuildPhase section */

/* Begin PBXTargetDependency section */
		55F36A5927EC56D50027BDAF /* PBXTargetDependency */ = {
			isa = PBXTargetDependency;
			target = 55F36A4027EC56D30027BDAF /* TechTestApplication */;
			targetProxy = 55F36A5827EC56D50027BDAF /* PBXContainerItemProxy */;
		};
/* End PBXTargetDependency section */

/* Begin PBXVariantGroup section */
		55F36A4A27EC56D30027BDAF /* Main.storyboard */ = {
			isa = PBXVariantGroup;
			children = (
				55F36A4B27EC56D30027BDAF /* Base */,
			);
			name = Main.storyboard;
			sourceTree = "<group>";
		};
		55F36A4F27EC56D40027BDAF /* LaunchScreen.storyboard */ = {
			isa = PBXVariantGroup;
			children = (
				55F36A5027EC56D40027BDAF /* Base */,
			);
			name = LaunchScreen.storyboard;
			sourceTree = "<group>";
		};
/* End PBXVariantGroup section */

/* Begin XCBuildConfiguration section */
		55F36A6927EC56D50027BDAF /* Debug */ = {
			isa = XCBuildConfiguration;
			buildSettings = {
				ALWAYS_SEARCH_USER_PATHS = NO;
				CLANG_ANALYZER_NONNULL = YES;
				CLANG_ANALYZER_NUMBER_OBJECT_CONVERSION = YES_AGGRESSIVE;
				CLANG_CXX_LANGUAGE_STANDARD = "gnu++17";
				CLANG_ENABLE_MODULES = YES;
				CLANG_ENABLE_OBJC_ARC = YES;
				CLANG_ENABLE_OBJC_WEAK = YES;
				CLANG_WARN_BLOCK_CAPTURE_AUTORELEASING = YES;
				CLANG_WARN_BOOL_CONVERSION = YES;
				CLANG_WARN_COMMA = YES;
				CLANG_WARN_CONSTANT_CONVERSION = YES;
				CLANG_WARN_DEPRECATED_OBJC_IMPLEMENTATIONS = YES;
				CLANG_WARN_DIRECT_OBJC_ISA_USAGE = YES_ERROR;
				CLANG_WARN_DOCUMENTATION_COMMENTS = YES;
				CLANG_WARN_EMPTY_BODY = YES;
				CLANG_WARN_ENUM_CONVERSION = YES;
				CLANG_WARN_INFINITE_RECURSION = YES;
				CLANG_WARN_INT_CONVERSION = YES;
				CLANG_WARN_NON_LITERAL_NULL_CONVERSION = YES;
				CLANG_WARN_OBJC_IMPLICIT_RETAIN_SELF = YES;
				CLANG_WARN_OBJC_LITERAL_CONVERSION = YES;
				CLANG_WARN_OBJC_ROOT_CLASS = YES_ERROR;
				CLANG_WARN_QUOTED_INCLUDE_IN_FRAMEWORK_HEADER = YES;
				CLANG_WARN_RANGE_LOOP_ANALYSIS = YES;
				CLANG_WARN_STRICT_PROTOTYPES = YES;
				CLANG_WARN_SUSPICIOUS_MOVE = YES;
				CLANG_WARN_UNGUARDED_AVAILABILITY = YES_AGGRESSIVE;
				CLANG_WARN_UNREACHABLE_CODE = YES;
				CLANG_WARN__DUPLICATE_METHOD_MATCH = YES;
				COPY_PHASE_STRIP = NO;
				DEBUG_INFORMATION_FORMAT = dwarf;
				ENABLE_STRICT_OBJC_MSGSEND = YES;
				ENABLE_TESTABILITY = YES;
				GCC_C_LANGUAGE_STANDARD = gnu11;
				GCC_DYNAMIC_NO_PIC = NO;
				GCC_NO_COMMON_BLOCKS = YES;
				GCC_OPTIMIZATION_LEVEL = 0;
				GCC_PREPROCESSOR_DEFINITIONS = (
					"DEBUG=1",
					"$(inherited)",
				);
				GCC_WARN_64_TO_32_BIT_CONVERSION = YES;
				GCC_WARN_ABOUT_RETURN_TYPE = YES_ERROR;
				GCC_WARN_UNDECLARED_SELECTOR = YES;
				GCC_WARN_UNINITIALIZED_AUTOS = YES_AGGRESSIVE;
				GCC_WARN_UNUSED_FUNCTION = YES;
				GCC_WARN_UNUSED_VARIABLE = YES;
				IPHONEOS_DEPLOYMENT_TARGET = 15.4;
				MTL_ENABLE_DEBUG_INFO = INCLUDE_SOURCE;
				MTL_FAST_MATH = YES;
				ONLY_ACTIVE_ARCH = YES;
				SDKROOT = iphoneos;
				SWIFT_ACTIVE_COMPILATION_CONDITIONS = DEBUG;
				SWIFT_OPTIMIZATION_LEVEL = "-Onone";
			};
			name = Debug;
		};
		55F36A6A27EC56D50027BDAF /* Release */ = {
			isa = XCBuildConfiguration;
			buildSettings = {
				ALWAYS_SEARCH_USER_PATHS = NO;
				CLANG_ANALYZER_NONNULL = YES;
				CLANG_ANALYZER_NUMBER_OBJECT_CONVERSION = YES_AGGRESSIVE;
				CLANG_CXX_LANGUAGE_STANDARD = "gnu++17";
				CLANG_ENABLE_MODULES = YES;
				CLANG_ENABLE_OBJC_ARC = YES;
				CLANG_ENABLE_OBJC_WEAK = YES;
				CLANG_WARN_BLOCK_CAPTURE_AUTORELEASING = YES;
				CLANG_WARN_BOOL_CONVERSION = YES;
				CLANG_WARN_COMMA = YES;
				CLANG_WARN_CONSTANT_CONVERSION = YES;
				CLANG_WARN_DEPRECATED_OBJC_IMPLEMENTATIONS = YES;
				CLANG_WARN_DIRECT_OBJC_ISA_USAGE = YES_ERROR;
				CLANG_WARN_DOCUMENTATION_COMMENTS = YES;
				CLANG_WARN_EMPTY_BODY = YES;
				CLANG_WARN_ENUM_CONVERSION = YES;
				CLANG_WARN_INFINITE_RECURSION = YES;
				CLANG_WARN_INT_CONVERSION = YES;
				CLANG_WARN_NON_LITERAL_NULL_CONVERSION = YES;
				CLANG_WARN_OBJC_IMPLICIT_RETAIN_SELF = YES;
				CLANG_WARN_OBJC_LITERAL_CONVERSION = YES;
				CLANG_WARN_OBJC_ROOT_CLASS = YES_ERROR;
				CLANG_WARN_QUOTED_INCLUDE_IN_FRAMEWORK_HEADER = YES;
				CLANG_WARN_RANGE_LOOP_ANALYSIS = YES;
				CLANG_WARN_STRICT_PROTOTYPES = YES;
				CLANG_WARN_SUSPICIOUS_MOVE = YES;
				CLANG_WARN_UNGUARDED_AVAILABILITY = YES_AGGRESSIVE;
				CLANG_WARN_UNREACHABLE_CODE = YES;
				CLANG_WARN__DUPLICATE_METHOD_MATCH = YES;
				COPY_PHASE_STRIP = NO;
				DEBUG_INFORMATION_FORMAT = "dwarf-with-dsym";
				ENABLE_NS_ASSERTIONS = NO;
				ENABLE_STRICT_OBJC_MSGSEND = YES;
				GCC_C_LANGUAGE_STANDARD = gnu11;
				GCC_NO_COMMON_BLOCKS = YES;
				GCC_WARN_64_TO_32_BIT_CONVERSION = YES;
				GCC_WARN_ABOUT_RETURN_TYPE = YES_ERROR;
				GCC_WARN_UNDECLARED_SELECTOR = YES;
				GCC_WARN_UNINITIALIZED_AUTOS = YES_AGGRESSIVE;
				GCC_WARN_UNUSED_FUNCTION = YES;
				GCC_WARN_UNUSED_VARIABLE = YES;
				IPHONEOS_DEPLOYMENT_TARGET = 15.4;
				MTL_ENABLE_DEBUG_INFO = NO;
				MTL_FAST_MATH = YES;
				SDKROOT = iphoneos;
				SWIFT_COMPILATION_MODE = wholemodule;
				SWIFT_OPTIMIZATION_LEVEL = "-O";
				VALIDATE_PRODUCT = YES;
			};
			name = Release;
		};
		55F36A6C27EC56D50027BDAF /* Debug */ = {
			isa = XCBuildConfiguration;
			buildSettings = {
				ASSETCATALOG_COMPILER_APPICON_NAME = AppIcon;
				ASSETCATALOG_COMPILER_GLOBAL_ACCENT_COLOR_NAME = AccentColor;
				CODE_SIGN_STYLE = Automatic;
				CURRENT_PROJECT_VERSION = 1;
				DEVELOPMENT_TEAM = K3C3RJFAD7;
				GENERATE_INFOPLIST_FILE = YES;
				INFOPLIST_FILE = TechTestApplication/Info.plist;
				INFOPLIST_KEY_UIApplicationSupportsIndirectInputEvents = YES;
				INFOPLIST_KEY_UILaunchStoryboardName = LaunchScreen;
				INFOPLIST_KEY_UIMainStoryboardFile = Main;
				INFOPLIST_KEY_UISupportedInterfaceOrientations_iPad = "UIInterfaceOrientationPortrait UIInterfaceOrientationPortraitUpsideDown UIInterfaceOrientationLandscapeLeft UIInterfaceOrientationLandscapeRight";
				INFOPLIST_KEY_UISupportedInterfaceOrientations_iPhone = "UIInterfaceOrientationPortrait UIInterfaceOrientationLandscapeLeft UIInterfaceOrientationLandscapeRight";
				LD_RUNPATH_SEARCH_PATHS = (
					"$(inherited)",
					"@executable_path/Frameworks",
				);
				MARKETING_VERSION = 1.0;
				PRODUCT_BUNDLE_IDENTIFIER = developerIOS.TechTestApplication;
				PRODUCT_NAME = "$(TARGET_NAME)";
				SWIFT_EMIT_LOC_STRINGS = YES;
				SWIFT_VERSION = 5.0;
				TARGETED_DEVICE_FAMILY = "1,2";
			};
			name = Debug;
		};
		55F36A6D27EC56D50027BDAF /* Release */ = {
			isa = XCBuildConfiguration;
			buildSettings = {
				ASSETCATALOG_COMPILER_APPICON_NAME = AppIcon;
				ASSETCATALOG_COMPILER_GLOBAL_ACCENT_COLOR_NAME = AccentColor;
				CODE_SIGN_STYLE = Automatic;
				CURRENT_PROJECT_VERSION = 1;
				DEVELOPMENT_TEAM = K3C3RJFAD7;
				GENERATE_INFOPLIST_FILE = YES;
				INFOPLIST_FILE = TechTestApplication/Info.plist;
				INFOPLIST_KEY_UIApplicationSupportsIndirectInputEvents = YES;
				INFOPLIST_KEY_UILaunchStoryboardName = LaunchScreen;
				INFOPLIST_KEY_UIMainStoryboardFile = Main;
				INFOPLIST_KEY_UISupportedInterfaceOrientations_iPad = "UIInterfaceOrientationPortrait UIInterfaceOrientationPortraitUpsideDown UIInterfaceOrientationLandscapeLeft UIInterfaceOrientationLandscapeRight";
				INFOPLIST_KEY_UISupportedInterfaceOrientations_iPhone = "UIInterfaceOrientationPortrait UIInterfaceOrientationLandscapeLeft UIInterfaceOrientationLandscapeRight";
				LD_RUNPATH_SEARCH_PATHS = (
					"$(inherited)",
					"@executable_path/Frameworks",
				);
				MARKETING_VERSION = 1.0;
				PRODUCT_BUNDLE_IDENTIFIER = developerIOS.TechTestApplication;
				PRODUCT_NAME = "$(TARGET_NAME)";
				SWIFT_EMIT_LOC_STRINGS = YES;
				SWIFT_VERSION = 5.0;
				TARGETED_DEVICE_FAMILY = "1,2";
			};
			name = Release;
		};
		55F36A6F27EC56D50027BDAF /* Debug */ = {
			isa = XCBuildConfiguration;
			buildSettings = {
				ALWAYS_EMBED_SWIFT_STANDARD_LIBRARIES = YES;
				BUNDLE_LOADER = "$(TEST_HOST)";
				CODE_SIGN_STYLE = Automatic;
				CURRENT_PROJECT_VERSION = 1;
				DEVELOPMENT_TEAM = K3C3RJFAD7;
				GENERATE_INFOPLIST_FILE = YES;
				IPHONEOS_DEPLOYMENT_TARGET = 15.4;
				MARKETING_VERSION = 1.0;
				PRODUCT_BUNDLE_IDENTIFIER = developerIOS.TechTestApplicationTests;
				PRODUCT_NAME = "$(TARGET_NAME)";
				SWIFT_EMIT_LOC_STRINGS = NO;
				SWIFT_VERSION = 5.0;
				TARGETED_DEVICE_FAMILY = "1,2";
				TEST_HOST = "$(BUILT_PRODUCTS_DIR)/TechTestApplication.app/TechTestApplication";
			};
			name = Debug;
		};
		55F36A7027EC56D50027BDAF /* Release */ = {
			isa = XCBuildConfiguration;
			buildSettings = {
				ALWAYS_EMBED_SWIFT_STANDARD_LIBRARIES = YES;
				BUNDLE_LOADER = "$(TEST_HOST)";
				CODE_SIGN_STYLE = Automatic;
				CURRENT_PROJECT_VERSION = 1;
				DEVELOPMENT_TEAM = K3C3RJFAD7;
				GENERATE_INFOPLIST_FILE = YES;
				IPHONEOS_DEPLOYMENT_TARGET = 15.4;
				MARKETING_VERSION = 1.0;
				PRODUCT_BUNDLE_IDENTIFIER = developerIOS.TechTestApplicationTests;
				PRODUCT_NAME = "$(TARGET_NAME)";
				SWIFT_EMIT_LOC_STRINGS = NO;
				SWIFT_VERSION = 5.0;
				TARGETED_DEVICE_FAMILY = "1,2";
				TEST_HOST = "$(BUILT_PRODUCTS_DIR)/TechTestApplication.app/TechTestApplication";
			};
			name = Release;
		};
/* End XCBuildConfiguration section */

/* Begin XCConfigurationList section */
		55F36A3C27EC56D30027BDAF /* Build configuration list for PBXProject "TechTestApplication" */ = {
			isa = XCConfigurationList;
			buildConfigurations = (
				55F36A6927EC56D50027BDAF /* Debug */,
				55F36A6A27EC56D50027BDAF /* Release */,
			);
			defaultConfigurationIsVisible = 0;
			defaultConfigurationName = Release;
		};
		55F36A6B27EC56D50027BDAF /* Build configuration list for PBXNativeTarget "TechTestApplication" */ = {
			isa = XCConfigurationList;
			buildConfigurations = (
				55F36A6C27EC56D50027BDAF /* Debug */,
				55F36A6D27EC56D50027BDAF /* Release */,
			);
			defaultConfigurationIsVisible = 0;
			defaultConfigurationName = Release;
		};
		55F36A6E27EC56D50027BDAF /* Build configuration list for PBXNativeTarget "TechTestApplicationTests" */ = {
			isa = XCConfigurationList;
			buildConfigurations = (
				55F36A6F27EC56D50027BDAF /* Debug */,
				55F36A7027EC56D50027BDAF /* Release */,
			);
			defaultConfigurationIsVisible = 0;
			defaultConfigurationName = Release;
		};
/* End XCConfigurationList section */

/* Begin XCRemoteSwiftPackageReference section */
		5585D5F427F1B99D004BE904 /* XCRemoteSwiftPackageReference "SDWebImage" */ = {
			isa = XCRemoteSwiftPackageReference;
			repositoryURL = "https://github.com/SDWebImage/SDWebImage.git";
			requirement = {
				branch = master;
				kind = branch;
			};
		};
/* End XCRemoteSwiftPackageReference section */

/* Begin XCSwiftPackageProductDependency section */
		5585D5F527F1B99D004BE904 /* SDWebImage */ = {
			isa = XCSwiftPackageProductDependency;
			package = 5585D5F427F1B99D004BE904 /* XCRemoteSwiftPackageReference "SDWebImage" */;
			productName = SDWebImage;
		};
/* End XCSwiftPackageProductDependency section */
	};
	rootObject = 55F36A3927EC56D30027BDAF /* Project object */;
}
